
Microsoft Visual Studio Solution File, Format Version 12.00
# Visual Studio 15
VisualStudioVersion = 15.0.26124.0
MinimumVisualStudioVersion = 15.0.26124.0
Project("{2150E333-8FDC-42A3-9474-1A3956D46DE8}") = "src", "src", "{C5415DD6-90E1-400D-AE9A-8E631F40ADA2}"
EndProject
Project("{FAE04EC0-301F-11D3-BF4B-00C04F79EFBC}") = "Quantic.Core", "src\Quantic.Core\Quantic.Core.csproj", "{2E832BEC-A2CF-40AC-8810-26C95C639B66}"
EndProject
Project("{FAE04EC0-301F-11D3-BF4B-00C04F79EFBC}") = "Quantic.Cache.InMemory", "src\Quantic.Cache.InMemory\Quantic.Cache.InMemory.csproj", "{B4D4460C-2708-4A15-8CF2-B5E3C4523467}"
EndProject
Project("{FAE04EC0-301F-11D3-BF4B-00C04F79EFBC}") = "Quantic.Log", "src\Quantic.Log\Quantic.Log.csproj", "{BFF07F3E-89BF-42B6-B063-466187701A8A}"
EndProject
Project("{FAE04EC0-301F-11D3-BF4B-00C04F79EFBC}") = "Quantic.Validation", "src\Quantic.Validation\Quantic.Validation.csproj", "{EFE44A2B-C857-4B13-9D45-3DDEE7CDB801}"
EndProject
Project("{2150E333-8FDC-42A3-9474-1A3956D46DE8}") = "test", "test", "{A9719963-88B2-4A6E-9C53-788B3EB3E5C4}"
EndProject
Project("{FAE04EC0-301F-11D3-BF4B-00C04F79EFBC}") = "Quantic.Cache.InMemory.UnitTest", "test\Quantic.Cache.InMemory.UnitTest\Quantic.Cache.InMemory.UnitTest.csproj", "{55C139DE-7D53-41BE-90FF-8CA8B741ECCA}"
EndProject
Project("{FAE04EC0-301F-11D3-BF4B-00C04F79EFBC}") = "Quantic.Log.UnitTest", "test\Quantic.Log.UnitTest\Quantic.Log.UnitTest.csproj", "{A2BF2664-3FF8-4537-9C79-E2F8F6BE251F}"
EndProject
Project("{FAE04EC0-301F-11D3-BF4B-00C04F79EFBC}") = "Quantic.Validation.UnitTest", "test\Quantic.Validation.UnitTest\Quantic.Validation.UnitTest.csproj", "{E714A559-D0C7-44DC-8877-3A0D18D95732}"
EndProject
Project("{FAE04EC0-301F-11D3-BF4B-00C04F79EFBC}") = "Quantic.MassTransit.RabbitMq", "src\Quantic.MassTransit.RabbitMq\Quantic.MassTransit.RabbitMq.csproj", "{B215D0CE-6AD2-41E9-9BDA-D860FFB6A312}"
EndProject
Project("{FAE04EC0-301F-11D3-BF4B-00C04F79EFBC}") = "Quantic.Core.UnitTest", "test\Quantic.Core.UnitTest\Quantic.Core.UnitTest.csproj", "{6F780303-A72E-47D5-9270-CBCE5096E05E}"
EndProject
Project("{FAE04EC0-301F-11D3-BF4B-00C04F79EFBC}") = "Quantic.Web", "src\Quantic.Web\Quantic.Web.csproj", "{41FEB74B-304E-42A6-90E3-B3DDA81B68F2}"
EndProject
Project("{FAE04EC0-301F-11D3-BF4B-00C04F79EFBC}") = "Quantic.Web.UnitTest", "test\Quantic.Web.UnitTest\Quantic.Web.UnitTest.csproj", "{1A110126-68FA-4419-A6EC-31D202404E3E}"
EndProject
Project("{2150E333-8FDC-42A3-9474-1A3956D46DE8}") = "samples", "samples", "{4557433D-4556-4515-BB58-D7830DA28AFA}"
EndProject
Project("{FAE04EC0-301F-11D3-BF4B-00C04F79EFBC}") = "Identity.Api", "samples\Identity.Api\Identity.Api.csproj", "{A97E342B-7A86-48C6-926A-2F775EDB3B6B}"
EndProject
Project("{FAE04EC0-301F-11D3-BF4B-00C04F79EFBC}") = "Notification.Api", "samples\Notification.Api\Notification.Api.csproj", "{9F94E8CA-F1C9-4586-ABB4-1AA58D1E96B7}"
EndProject
Project("{FAE04EC0-301F-11D3-BF4B-00C04F79EFBC}") = "Quantic.FeatureManagement", "src\Quantic.FeatureManagement\Quantic.FeatureManagement.csproj", "{6AC13AB8-4B9B-47F3-AF90-ED2CC2D5AC2E}"
EndProject
Project("{FAE04EC0-301F-11D3-BF4B-00C04F79EFBC}") = "Quantic.FeatureManagement.UnitTest", "test\Quantic.FeatureManagement.UnitTest\Quantic.FeatureManagement.UnitTest.csproj", "{269EE292-F08F-432E-A555-843E3F9E79DF}"
EndProject
Global
	GlobalSection(SolutionConfigurationPlatforms) = preSolution
		Debug|Any CPU = Debug|Any CPU
		Debug|x64 = Debug|x64
		Debug|x86 = Debug|x86
		Release|Any CPU = Release|Any CPU
		Release|x64 = Release|x64
		Release|x86 = Release|x86
	EndGlobalSection
	GlobalSection(SolutionProperties) = preSolution
		HideSolutionNode = FALSE
	EndGlobalSection
	GlobalSection(ProjectConfigurationPlatforms) = postSolution
		{2E832BEC-A2CF-40AC-8810-26C95C639B66}.Debug|Any CPU.ActiveCfg = Debug|Any CPU
		{2E832BEC-A2CF-40AC-8810-26C95C639B66}.Debug|Any CPU.Build.0 = Debug|Any CPU
		{2E832BEC-A2CF-40AC-8810-26C95C639B66}.Debug|x64.ActiveCfg = Debug|Any CPU
		{2E832BEC-A2CF-40AC-8810-26C95C639B66}.Debug|x64.Build.0 = Debug|Any CPU
		{2E832BEC-A2CF-40AC-8810-26C95C639B66}.Debug|x86.ActiveCfg = Debug|Any CPU
		{2E832BEC-A2CF-40AC-8810-26C95C639B66}.Debug|x86.Build.0 = Debug|Any CPU
		{2E832BEC-A2CF-40AC-8810-26C95C639B66}.Release|Any CPU.ActiveCfg = Release|Any CPU
		{2E832BEC-A2CF-40AC-8810-26C95C639B66}.Release|Any CPU.Build.0 = Release|Any CPU
		{2E832BEC-A2CF-40AC-8810-26C95C639B66}.Release|x64.ActiveCfg = Release|Any CPU
		{2E832BEC-A2CF-40AC-8810-26C95C639B66}.Release|x64.Build.0 = Release|Any CPU
		{2E832BEC-A2CF-40AC-8810-26C95C639B66}.Release|x86.ActiveCfg = Release|Any CPU
		{2E832BEC-A2CF-40AC-8810-26C95C639B66}.Release|x86.Build.0 = Release|Any CPU
		{B4D4460C-2708-4A15-8CF2-B5E3C4523467}.Debug|Any CPU.ActiveCfg = Debug|Any CPU
		{B4D4460C-2708-4A15-8CF2-B5E3C4523467}.Debug|Any CPU.Build.0 = Debug|Any CPU
		{B4D4460C-2708-4A15-8CF2-B5E3C4523467}.Debug|x64.ActiveCfg = Debug|Any CPU
		{B4D4460C-2708-4A15-8CF2-B5E3C4523467}.Debug|x64.Build.0 = Debug|Any CPU
		{B4D4460C-2708-4A15-8CF2-B5E3C4523467}.Debug|x86.ActiveCfg = Debug|Any CPU
		{B4D4460C-2708-4A15-8CF2-B5E3C4523467}.Debug|x86.Build.0 = Debug|Any CPU
		{B4D4460C-2708-4A15-8CF2-B5E3C4523467}.Release|Any CPU.ActiveCfg = Release|Any CPU
		{B4D4460C-2708-4A15-8CF2-B5E3C4523467}.Release|Any CPU.Build.0 = Release|Any CPU
		{B4D4460C-2708-4A15-8CF2-B5E3C4523467}.Release|x64.ActiveCfg = Release|Any CPU
		{B4D4460C-2708-4A15-8CF2-B5E3C4523467}.Release|x64.Build.0 = Release|Any CPU
		{B4D4460C-2708-4A15-8CF2-B5E3C4523467}.Release|x86.ActiveCfg = Release|Any CPU
		{B4D4460C-2708-4A15-8CF2-B5E3C4523467}.Release|x86.Build.0 = Release|Any CPU
		{BFF07F3E-89BF-42B6-B063-466187701A8A}.Debug|Any CPU.ActiveCfg = Debug|Any CPU
		{BFF07F3E-89BF-42B6-B063-466187701A8A}.Debug|Any CPU.Build.0 = Debug|Any CPU
		{BFF07F3E-89BF-42B6-B063-466187701A8A}.Debug|x64.ActiveCfg = Debug|Any CPU
		{BFF07F3E-89BF-42B6-B063-466187701A8A}.Debug|x64.Build.0 = Debug|Any CPU
		{BFF07F3E-89BF-42B6-B063-466187701A8A}.Debug|x86.ActiveCfg = Debug|Any CPU
		{BFF07F3E-89BF-42B6-B063-466187701A8A}.Debug|x86.Build.0 = Debug|Any CPU
		{BFF07F3E-89BF-42B6-B063-466187701A8A}.Release|Any CPU.ActiveCfg = Release|Any CPU
		{BFF07F3E-89BF-42B6-B063-466187701A8A}.Release|Any CPU.Build.0 = Release|Any CPU
		{BFF07F3E-89BF-42B6-B063-466187701A8A}.Release|x64.ActiveCfg = Release|Any CPU
		{BFF07F3E-89BF-42B6-B063-466187701A8A}.Release|x64.Build.0 = Release|Any CPU
		{BFF07F3E-89BF-42B6-B063-466187701A8A}.Release|x86.ActiveCfg = Release|Any CPU
		{BFF07F3E-89BF-42B6-B063-466187701A8A}.Release|x86.Build.0 = Release|Any CPU
		{EFE44A2B-C857-4B13-9D45-3DDEE7CDB801}.Debug|Any CPU.ActiveCfg = Debug|Any CPU
		{EFE44A2B-C857-4B13-9D45-3DDEE7CDB801}.Debug|Any CPU.Build.0 = Debug|Any CPU
		{EFE44A2B-C857-4B13-9D45-3DDEE7CDB801}.Debug|x64.ActiveCfg = Debug|Any CPU
		{EFE44A2B-C857-4B13-9D45-3DDEE7CDB801}.Debug|x64.Build.0 = Debug|Any CPU
		{EFE44A2B-C857-4B13-9D45-3DDEE7CDB801}.Debug|x86.ActiveCfg = Debug|Any CPU
		{EFE44A2B-C857-4B13-9D45-3DDEE7CDB801}.Debug|x86.Build.0 = Debug|Any CPU
		{EFE44A2B-C857-4B13-9D45-3DDEE7CDB801}.Release|Any CPU.ActiveCfg = Release|Any CPU
		{EFE44A2B-C857-4B13-9D45-3DDEE7CDB801}.Release|Any CPU.Build.0 = Release|Any CPU
		{EFE44A2B-C857-4B13-9D45-3DDEE7CDB801}.Release|x64.ActiveCfg = Release|Any CPU
		{EFE44A2B-C857-4B13-9D45-3DDEE7CDB801}.Release|x64.Build.0 = Release|Any CPU
		{EFE44A2B-C857-4B13-9D45-3DDEE7CDB801}.Release|x86.ActiveCfg = Release|Any CPU
		{EFE44A2B-C857-4B13-9D45-3DDEE7CDB801}.Release|x86.Build.0 = Release|Any CPU
		{55C139DE-7D53-41BE-90FF-8CA8B741ECCA}.Debug|Any CPU.ActiveCfg = Debug|Any CPU
		{55C139DE-7D53-41BE-90FF-8CA8B741ECCA}.Debug|Any CPU.Build.0 = Debug|Any CPU
		{55C139DE-7D53-41BE-90FF-8CA8B741ECCA}.Debug|x64.ActiveCfg = Debug|Any CPU
		{55C139DE-7D53-41BE-90FF-8CA8B741ECCA}.Debug|x64.Build.0 = Debug|Any CPU
		{55C139DE-7D53-41BE-90FF-8CA8B741ECCA}.Debug|x86.ActiveCfg = Debug|Any CPU
		{55C139DE-7D53-41BE-90FF-8CA8B741ECCA}.Debug|x86.Build.0 = Debug|Any CPU
		{55C139DE-7D53-41BE-90FF-8CA8B741ECCA}.Release|Any CPU.ActiveCfg = Release|Any CPU
		{55C139DE-7D53-41BE-90FF-8CA8B741ECCA}.Release|Any CPU.Build.0 = Release|Any CPU
		{55C139DE-7D53-41BE-90FF-8CA8B741ECCA}.Release|x64.ActiveCfg = Release|Any CPU
		{55C139DE-7D53-41BE-90FF-8CA8B741ECCA}.Release|x64.Build.0 = Release|Any CPU
		{55C139DE-7D53-41BE-90FF-8CA8B741ECCA}.Release|x86.ActiveCfg = Release|Any CPU
		{55C139DE-7D53-41BE-90FF-8CA8B741ECCA}.Release|x86.Build.0 = Release|Any CPU
		{A2BF2664-3FF8-4537-9C79-E2F8F6BE251F}.Debug|Any CPU.ActiveCfg = Debug|Any CPU
		{A2BF2664-3FF8-4537-9C79-E2F8F6BE251F}.Debug|Any CPU.Build.0 = Debug|Any CPU
		{A2BF2664-3FF8-4537-9C79-E2F8F6BE251F}.Debug|x64.ActiveCfg = Debug|Any CPU
		{A2BF2664-3FF8-4537-9C79-E2F8F6BE251F}.Debug|x64.Build.0 = Debug|Any CPU
		{A2BF2664-3FF8-4537-9C79-E2F8F6BE251F}.Debug|x86.ActiveCfg = Debug|Any CPU
		{A2BF2664-3FF8-4537-9C79-E2F8F6BE251F}.Debug|x86.Build.0 = Debug|Any CPU
		{A2BF2664-3FF8-4537-9C79-E2F8F6BE251F}.Release|Any CPU.ActiveCfg = Release|Any CPU
		{A2BF2664-3FF8-4537-9C79-E2F8F6BE251F}.Release|Any CPU.Build.0 = Release|Any CPU
		{A2BF2664-3FF8-4537-9C79-E2F8F6BE251F}.Release|x64.ActiveCfg = Release|Any CPU
		{A2BF2664-3FF8-4537-9C79-E2F8F6BE251F}.Release|x64.Build.0 = Release|Any CPU
		{A2BF2664-3FF8-4537-9C79-E2F8F6BE251F}.Release|x86.ActiveCfg = Release|Any CPU
		{A2BF2664-3FF8-4537-9C79-E2F8F6BE251F}.Release|x86.Build.0 = Release|Any CPU
		{E714A559-D0C7-44DC-8877-3A0D18D95732}.Debug|Any CPU.ActiveCfg = Debug|Any CPU
		{E714A559-D0C7-44DC-8877-3A0D18D95732}.Debug|Any CPU.Build.0 = Debug|Any CPU
		{E714A559-D0C7-44DC-8877-3A0D18D95732}.Debug|x64.ActiveCfg = Debug|Any CPU
		{E714A559-D0C7-44DC-8877-3A0D18D95732}.Debug|x64.Build.0 = Debug|Any CPU
		{E714A559-D0C7-44DC-8877-3A0D18D95732}.Debug|x86.ActiveCfg = Debug|Any CPU
		{E714A559-D0C7-44DC-8877-3A0D18D95732}.Debug|x86.Build.0 = Debug|Any CPU
		{E714A559-D0C7-44DC-8877-3A0D18D95732}.Release|Any CPU.ActiveCfg = Release|Any CPU
		{E714A559-D0C7-44DC-8877-3A0D18D95732}.Release|Any CPU.Build.0 = Release|Any CPU
		{E714A559-D0C7-44DC-8877-3A0D18D95732}.Release|x64.ActiveCfg = Release|Any CPU
		{E714A559-D0C7-44DC-8877-3A0D18D95732}.Release|x64.Build.0 = Release|Any CPU
		{E714A559-D0C7-44DC-8877-3A0D18D95732}.Release|x86.ActiveCfg = Release|Any CPU
		{E714A559-D0C7-44DC-8877-3A0D18D95732}.Release|x86.Build.0 = Release|Any CPU
		{B215D0CE-6AD2-41E9-9BDA-D860FFB6A312}.Debug|Any CPU.ActiveCfg = Debug|Any CPU
		{B215D0CE-6AD2-41E9-9BDA-D860FFB6A312}.Debug|Any CPU.Build.0 = Debug|Any CPU
		{B215D0CE-6AD2-41E9-9BDA-D860FFB6A312}.Debug|x64.ActiveCfg = Debug|Any CPU
		{B215D0CE-6AD2-41E9-9BDA-D860FFB6A312}.Debug|x64.Build.0 = Debug|Any CPU
		{B215D0CE-6AD2-41E9-9BDA-D860FFB6A312}.Debug|x86.ActiveCfg = Debug|Any CPU
		{B215D0CE-6AD2-41E9-9BDA-D860FFB6A312}.Debug|x86.Build.0 = Debug|Any CPU
		{B215D0CE-6AD2-41E9-9BDA-D860FFB6A312}.Release|Any CPU.ActiveCfg = Release|Any CPU
		{B215D0CE-6AD2-41E9-9BDA-D860FFB6A312}.Release|Any CPU.Build.0 = Release|Any CPU
		{B215D0CE-6AD2-41E9-9BDA-D860FFB6A312}.Release|x64.ActiveCfg = Release|Any CPU
		{B215D0CE-6AD2-41E9-9BDA-D860FFB6A312}.Release|x64.Build.0 = Release|Any CPU
		{B215D0CE-6AD2-41E9-9BDA-D860FFB6A312}.Release|x86.ActiveCfg = Release|Any CPU
		{B215D0CE-6AD2-41E9-9BDA-D860FFB6A312}.Release|x86.Build.0 = Release|Any CPU
		{6F780303-A72E-47D5-9270-CBCE5096E05E}.Debug|Any CPU.ActiveCfg = Debug|Any CPU
		{6F780303-A72E-47D5-9270-CBCE5096E05E}.Debug|Any CPU.Build.0 = Debug|Any CPU
		{6F780303-A72E-47D5-9270-CBCE5096E05E}.Debug|x64.ActiveCfg = Debug|Any CPU
		{6F780303-A72E-47D5-9270-CBCE5096E05E}.Debug|x64.Build.0 = Debug|Any CPU
		{6F780303-A72E-47D5-9270-CBCE5096E05E}.Debug|x86.ActiveCfg = Debug|Any CPU
		{6F780303-A72E-47D5-9270-CBCE5096E05E}.Debug|x86.Build.0 = Debug|Any CPU
		{6F780303-A72E-47D5-9270-CBCE5096E05E}.Release|Any CPU.ActiveCfg = Release|Any CPU
		{6F780303-A72E-47D5-9270-CBCE5096E05E}.Release|Any CPU.Build.0 = Release|Any CPU
		{6F780303-A72E-47D5-9270-CBCE5096E05E}.Release|x64.ActiveCfg = Release|Any CPU
		{6F780303-A72E-47D5-9270-CBCE5096E05E}.Release|x64.Build.0 = Release|Any CPU
		{6F780303-A72E-47D5-9270-CBCE5096E05E}.Release|x86.ActiveCfg = Release|Any CPU
		{6F780303-A72E-47D5-9270-CBCE5096E05E}.Release|x86.Build.0 = Release|Any CPU
		{41FEB74B-304E-42A6-90E3-B3DDA81B68F2}.Debug|Any CPU.ActiveCfg = Debug|Any CPU
		{41FEB74B-304E-42A6-90E3-B3DDA81B68F2}.Debug|Any CPU.Build.0 = Debug|Any CPU
		{41FEB74B-304E-42A6-90E3-B3DDA81B68F2}.Debug|x64.ActiveCfg = Debug|Any CPU
		{41FEB74B-304E-42A6-90E3-B3DDA81B68F2}.Debug|x64.Build.0 = Debug|Any CPU
		{41FEB74B-304E-42A6-90E3-B3DDA81B68F2}.Debug|x86.ActiveCfg = Debug|Any CPU
		{41FEB74B-304E-42A6-90E3-B3DDA81B68F2}.Debug|x86.Build.0 = Debug|Any CPU
		{41FEB74B-304E-42A6-90E3-B3DDA81B68F2}.Release|Any CPU.ActiveCfg = Release|Any CPU
		{41FEB74B-304E-42A6-90E3-B3DDA81B68F2}.Release|Any CPU.Build.0 = Release|Any CPU
		{41FEB74B-304E-42A6-90E3-B3DDA81B68F2}.Release|x64.ActiveCfg = Release|Any CPU
		{41FEB74B-304E-42A6-90E3-B3DDA81B68F2}.Release|x64.Build.0 = Release|Any CPU
		{41FEB74B-304E-42A6-90E3-B3DDA81B68F2}.Release|x86.ActiveCfg = Release|Any CPU
		{41FEB74B-304E-42A6-90E3-B3DDA81B68F2}.Release|x86.Build.0 = Release|Any CPU
		{1A110126-68FA-4419-A6EC-31D202404E3E}.Debug|Any CPU.ActiveCfg = Debug|Any CPU
		{1A110126-68FA-4419-A6EC-31D202404E3E}.Debug|Any CPU.Build.0 = Debug|Any CPU
		{1A110126-68FA-4419-A6EC-31D202404E3E}.Debug|x64.ActiveCfg = Debug|Any CPU
		{1A110126-68FA-4419-A6EC-31D202404E3E}.Debug|x64.Build.0 = Debug|Any CPU
		{1A110126-68FA-4419-A6EC-31D202404E3E}.Debug|x86.ActiveCfg = Debug|Any CPU
		{1A110126-68FA-4419-A6EC-31D202404E3E}.Debug|x86.Build.0 = Debug|Any CPU
		{1A110126-68FA-4419-A6EC-31D202404E3E}.Release|Any CPU.ActiveCfg = Release|Any CPU
		{1A110126-68FA-4419-A6EC-31D202404E3E}.Release|Any CPU.Build.0 = Release|Any CPU
		{1A110126-68FA-4419-A6EC-31D202404E3E}.Release|x64.ActiveCfg = Release|Any CPU
		{1A110126-68FA-4419-A6EC-31D202404E3E}.Release|x64.Build.0 = Release|Any CPU
		{1A110126-68FA-4419-A6EC-31D202404E3E}.Release|x86.ActiveCfg = Release|Any CPU
		{1A110126-68FA-4419-A6EC-31D202404E3E}.Release|x86.Build.0 = Release|Any CPU
		{A97E342B-7A86-48C6-926A-2F775EDB3B6B}.Debug|Any CPU.ActiveCfg = Debug|Any CPU
		{A97E342B-7A86-48C6-926A-2F775EDB3B6B}.Debug|Any CPU.Build.0 = Debug|Any CPU
		{A97E342B-7A86-48C6-926A-2F775EDB3B6B}.Debug|x64.ActiveCfg = Debug|Any CPU
		{A97E342B-7A86-48C6-926A-2F775EDB3B6B}.Debug|x64.Build.0 = Debug|Any CPU
		{A97E342B-7A86-48C6-926A-2F775EDB3B6B}.Debug|x86.ActiveCfg = Debug|Any CPU
		{A97E342B-7A86-48C6-926A-2F775EDB3B6B}.Debug|x86.Build.0 = Debug|Any CPU
		{A97E342B-7A86-48C6-926A-2F775EDB3B6B}.Release|Any CPU.ActiveCfg = Release|Any CPU
		{A97E342B-7A86-48C6-926A-2F775EDB3B6B}.Release|Any CPU.Build.0 = Release|Any CPU
		{A97E342B-7A86-48C6-926A-2F775EDB3B6B}.Release|x64.ActiveCfg = Release|Any CPU
		{A97E342B-7A86-48C6-926A-2F775EDB3B6B}.Release|x64.Build.0 = Release|Any CPU
		{A97E342B-7A86-48C6-926A-2F775EDB3B6B}.Release|x86.ActiveCfg = Release|Any CPU
		{A97E342B-7A86-48C6-926A-2F775EDB3B6B}.Release|x86.Build.0 = Release|Any CPU
		{9F94E8CA-F1C9-4586-ABB4-1AA58D1E96B7}.Debug|Any CPU.ActiveCfg = Debug|Any CPU
		{9F94E8CA-F1C9-4586-ABB4-1AA58D1E96B7}.Debug|Any CPU.Build.0 = Debug|Any CPU
		{9F94E8CA-F1C9-4586-ABB4-1AA58D1E96B7}.Debug|x64.ActiveCfg = Debug|Any CPU
		{9F94E8CA-F1C9-4586-ABB4-1AA58D1E96B7}.Debug|x64.Build.0 = Debug|Any CPU
		{9F94E8CA-F1C9-4586-ABB4-1AA58D1E96B7}.Debug|x86.ActiveCfg = Debug|Any CPU
		{9F94E8CA-F1C9-4586-ABB4-1AA58D1E96B7}.Debug|x86.Build.0 = Debug|Any CPU
		{9F94E8CA-F1C9-4586-ABB4-1AA58D1E96B7}.Release|Any CPU.ActiveCfg = Release|Any CPU
		{9F94E8CA-F1C9-4586-ABB4-1AA58D1E96B7}.Release|Any CPU.Build.0 = Release|Any CPU
		{9F94E8CA-F1C9-4586-ABB4-1AA58D1E96B7}.Release|x64.ActiveCfg = Release|Any CPU
		{9F94E8CA-F1C9-4586-ABB4-1AA58D1E96B7}.Release|x64.Build.0 = Release|Any CPU
		{9F94E8CA-F1C9-4586-ABB4-1AA58D1E96B7}.Release|x86.ActiveCfg = Release|Any CPU
		{9F94E8CA-F1C9-4586-ABB4-1AA58D1E96B7}.Release|x86.Build.0 = Release|Any CPU
		{6AC13AB8-4B9B-47F3-AF90-ED2CC2D5AC2E}.Debug|Any CPU.ActiveCfg = Debug|Any CPU
		{6AC13AB8-4B9B-47F3-AF90-ED2CC2D5AC2E}.Debug|Any CPU.Build.0 = Debug|Any CPU
		{6AC13AB8-4B9B-47F3-AF90-ED2CC2D5AC2E}.Debug|x64.ActiveCfg = Debug|Any CPU
		{6AC13AB8-4B9B-47F3-AF90-ED2CC2D5AC2E}.Debug|x64.Build.0 = Debug|Any CPU
		{6AC13AB8-4B9B-47F3-AF90-ED2CC2D5AC2E}.Debug|x86.ActiveCfg = Debug|Any CPU
		{6AC13AB8-4B9B-47F3-AF90-ED2CC2D5AC2E}.Debug|x86.Build.0 = Debug|Any CPU
		{6AC13AB8-4B9B-47F3-AF90-ED2CC2D5AC2E}.Release|Any CPU.ActiveCfg = Release|Any CPU
		{6AC13AB8-4B9B-47F3-AF90-ED2CC2D5AC2E}.Release|Any CPU.Build.0 = Release|Any CPU
		{6AC13AB8-4B9B-47F3-AF90-ED2CC2D5AC2E}.Release|x64.ActiveCfg = Release|Any CPU
		{6AC13AB8-4B9B-47F3-AF90-ED2CC2D5AC2E}.Release|x64.Build.0 = Release|Any CPU
		{6AC13AB8-4B9B-47F3-AF90-ED2CC2D5AC2E}.Release|x86.ActiveCfg = Release|Any CPU
		{6AC13AB8-4B9B-47F3-AF90-ED2CC2D5AC2E}.Release|x86.Build.0 = Release|Any CPU
		{269EE292-F08F-432E-A555-843E3F9E79DF}.Debug|Any CPU.ActiveCfg = Debug|Any CPU
		{269EE292-F08F-432E-A555-843E3F9E79DF}.Debug|Any CPU.Build.0 = Debug|Any CPU
		{269EE292-F08F-432E-A555-843E3F9E79DF}.Debug|x64.ActiveCfg = Debug|Any CPU
		{269EE292-F08F-432E-A555-843E3F9E79DF}.Debug|x64.Build.0 = Debug|Any CPU
		{269EE292-F08F-432E-A555-843E3F9E79DF}.Debug|x86.ActiveCfg = Debug|Any CPU
		{269EE292-F08F-432E-A555-843E3F9E79DF}.Debug|x86.Build.0 = Debug|Any CPU
		{269EE292-F08F-432E-A555-843E3F9E79DF}.Release|Any CPU.ActiveCfg = Release|Any CPU
		{269EE292-F08F-432E-A555-843E3F9E79DF}.Release|Any CPU.Build.0 = Release|Any CPU
		{269EE292-F08F-432E-A555-843E3F9E79DF}.Release|x64.ActiveCfg = Release|Any CPU
		{269EE292-F08F-432E-A555-843E3F9E79DF}.Release|x64.Build.0 = Release|Any CPU
		{269EE292-F08F-432E-A555-843E3F9E79DF}.Release|x86.ActiveCfg = Release|Any CPU
		{269EE292-F08F-432E-A555-843E3F9E79DF}.Release|x86.Build.0 = Release|Any CPU
	EndGlobalSection
	GlobalSection(NestedProjects) = preSolution
		{2E832BEC-A2CF-40AC-8810-26C95C639B66} = {C5415DD6-90E1-400D-AE9A-8E631F40ADA2}
		{B4D4460C-2708-4A15-8CF2-B5E3C4523467} = {C5415DD6-90E1-400D-AE9A-8E631F40ADA2}
		{BFF07F3E-89BF-42B6-B063-466187701A8A} = {C5415DD6-90E1-400D-AE9A-8E631F40ADA2}
		{EFE44A2B-C857-4B13-9D45-3DDEE7CDB801} = {C5415DD6-90E1-400D-AE9A-8E631F40ADA2}
		{55C139DE-7D53-41BE-90FF-8CA8B741ECCA} = {A9719963-88B2-4A6E-9C53-788B3EB3E5C4}
		{A2BF2664-3FF8-4537-9C79-E2F8F6BE251F} = {A9719963-88B2-4A6E-9C53-788B3EB3E5C4}
		{E714A559-D0C7-44DC-8877-3A0D18D95732} = {A9719963-88B2-4A6E-9C53-788B3EB3E5C4}
		{B215D0CE-6AD2-41E9-9BDA-D860FFB6A312} = {C5415DD6-90E1-400D-AE9A-8E631F40ADA2}
		{6F780303-A72E-47D5-9270-CBCE5096E05E} = {A9719963-88B2-4A6E-9C53-788B3EB3E5C4}
		{41FEB74B-304E-42A6-90E3-B3DDA81B68F2} = {C5415DD6-90E1-400D-AE9A-8E631F40ADA2}
		{1A110126-68FA-4419-A6EC-31D202404E3E} = {A9719963-88B2-4A6E-9C53-788B3EB3E5C4}
		{A97E342B-7A86-48C6-926A-2F775EDB3B6B} = {4557433D-4556-4515-BB58-D7830DA28AFA}
		{9F94E8CA-F1C9-4586-ABB4-1AA58D1E96B7} = {4557433D-4556-4515-BB58-D7830DA28AFA}
		{6AC13AB8-4B9B-47F3-AF90-ED2CC2D5AC2E} = {C5415DD6-90E1-400D-AE9A-8E631F40ADA2}
		{269EE292-F08F-432E-A555-843E3F9E79DF} = {A9719963-88B2-4A6E-9C53-788B3EB3E5C4}
	EndGlobalSection
EndGlobal
